// !$*UTF8*$!
{
	archiveVersion = 1;
	classes = {
	};
	objectVersion = 50;
	objects = {

/* Begin PBXBuildFile section */
		2151A18B25C0C9CD002902F6 /* AppDelegate.swift in Sources */ = {isa = PBXBuildFile; fileRef = 2151A18A25C0C9CD002902F6 /* AppDelegate.swift */; };
		2151A18D25C0C9CD002902F6 /* SceneDelegate.swift in Sources */ = {isa = PBXBuildFile; fileRef = 2151A18C25C0C9CD002902F6 /* SceneDelegate.swift */; };
		2151A19225C0C9CD002902F6 /* Main.storyboard in Resources */ = {isa = PBXBuildFile; fileRef = 2151A19025C0C9CD002902F6 /* Main.storyboard */; };
		2151A19425C0C9D0002902F6 /* Assets.xcassets in Resources */ = {isa = PBXBuildFile; fileRef = 2151A19325C0C9D0002902F6 /* Assets.xcassets */; };
		2151A19725C0C9D0002902F6 /* LaunchScreen.storyboard in Resources */ = {isa = PBXBuildFile; fileRef = 2151A19525C0C9D0002902F6 /* LaunchScreen.storyboard */; };
		2151A1A025C0CBAF002902F6 /* ViewController.swift in Sources */ = {isa = PBXBuildFile; fileRef = 2151A19F25C0CBAF002902F6 /* ViewController.swift */; };
		2151A1A825C0CC21002902F6 /* CardModel.swift in Sources */ = {isa = PBXBuildFile; fileRef = 2151A1A725C0CC21002902F6 /* CardModel.swift */; };
		2151A1AB25C0CC3F002902F6 /* DeckModel.swift in Sources */ = {isa = PBXBuildFile; fileRef = 2151A1AA25C0CC3F002902F6 /* DeckModel.swift */; };
		2151A1AE25C0CC70002902F6 /* GameLogic.swift in Sources */ = {isa = PBXBuildFile; fileRef = 2151A1AD25C0CC70002902F6 /* GameLogic.swift */; };
		2151A1B225C23229002902F6 /* ScoreLogic.swift in Sources */ = {isa = PBXBuildFile; fileRef = 2151A1B125C23229002902F6 /* ScoreLogic.swift */; };
		2151A1B625C2375D002902F6 /* PlayerDeckModel.swift in Sources */ = {isa = PBXBuildFile; fileRef = 2151A1B525C2375D002902F6 /* PlayerDeckModel.swift */; };
/* End PBXBuildFile section */

/* Begin PBXFileReference section */
		2151A18725C0C9CD002902F6 /* This Means War.app */ = {isa = PBXFileReference; explicitFileType = wrapper.application; includeInIndex = 0; path = "This Means War.app"; sourceTree = BUILT_PRODUCTS_DIR; };
		2151A18A25C0C9CD002902F6 /* AppDelegate.swift */ = {isa = PBXFileReference; lastKnownFileType = sourcecode.swift; path = AppDelegate.swift; sourceTree = "<group>"; };
		2151A18C25C0C9CD002902F6 /* SceneDelegate.swift */ = {isa = PBXFileReference; lastKnownFileType = sourcecode.swift; path = SceneDelegate.swift; sourceTree = "<group>"; };
		2151A19125C0C9CD002902F6 /* Base */ = {isa = PBXFileReference; lastKnownFileType = file.storyboard; name = Base; path = Base.lproj/Main.storyboard; sourceTree = "<group>"; };
		2151A19325C0C9D0002902F6 /* Assets.xcassets */ = {isa = PBXFileReference; lastKnownFileType = folder.assetcatalog; path = Assets.xcassets; sourceTree = "<group>"; };
		2151A19625C0C9D0002902F6 /* Base */ = {isa = PBXFileReference; lastKnownFileType = file.storyboard; name = Base; path = Base.lproj/LaunchScreen.storyboard; sourceTree = "<group>"; };
		2151A19825C0C9D0002902F6 /* Info.plist */ = {isa = PBXFileReference; lastKnownFileType = text.plist.xml; path = Info.plist; sourceTree = "<group>"; };
		2151A19F25C0CBAF002902F6 /* ViewController.swift */ = {isa = PBXFileReference; lastKnownFileType = sourcecode.swift; path = ViewController.swift; sourceTree = "<group>"; };
		2151A1A725C0CC21002902F6 /* CardModel.swift */ = {isa = PBXFileReference; lastKnownFileType = sourcecode.swift; path = CardModel.swift; sourceTree = "<group>"; };
		2151A1AA25C0CC3F002902F6 /* DeckModel.swift */ = {isa = PBXFileReference; lastKnownFileType = sourcecode.swift; path = DeckModel.swift; sourceTree = "<group>"; };
		2151A1AD25C0CC70002902F6 /* GameLogic.swift */ = {isa = PBXFileReference; lastKnownFileType = sourcecode.swift; path = GameLogic.swift; sourceTree = "<group>"; };
		2151A1B125C23229002902F6 /* ScoreLogic.swift */ = {isa = PBXFileReference; lastKnownFileType = sourcecode.swift; path = ScoreLogic.swift; sourceTree = "<group>"; };
		2151A1B525C2375D002902F6 /* PlayerDeckModel.swift */ = {isa = PBXFileReference; lastKnownFileType = sourcecode.swift; path = PlayerDeckModel.swift; sourceTree = "<group>"; };
/* End PBXFileReference section */

/* Begin PBXFrameworksBuildPhase section */
		2151A18425C0C9CD002902F6 /* Frameworks */ = {
			isa = PBXFrameworksBuildPhase;
			buildActionMask = 2147483647;
			files = (
			);
			runOnlyForDeploymentPostprocessing = 0;
		};
/* End PBXFrameworksBuildPhase section */

/* Begin PBXGroup section */
		2151A17E25C0C9CD002902F6 = {
			isa = PBXGroup;
			children = (
				2151A18925C0C9CD002902F6 /* This Means War */,
				2151A18825C0C9CD002902F6 /* Products */,
			);
			sourceTree = "<group>";
		};
		2151A18825C0C9CD002902F6 /* Products */ = {
			isa = PBXGroup;
			children = (
				2151A18725C0C9CD002902F6 /* This Means War.app */,
			);
			name = Products;
			sourceTree = "<group>";
		};
		2151A18925C0C9CD002902F6 /* This Means War */ = {
			isa = PBXGroup;
			children = (
				2151A18A25C0C9CD002902F6 /* AppDelegate.swift */,
				2151A18C25C0C9CD002902F6 /* SceneDelegate.swift */,
				2151A1A725C0CC21002902F6 /* CardModel.swift */,
				2151A1AA25C0CC3F002902F6 /* DeckModel.swift */,
				2151A1B525C2375D002902F6 /* PlayerDeckModel.swift */,
				2151A1B125C23229002902F6 /* ScoreLogic.swift */,
				2151A1AD25C0CC70002902F6 /* GameLogic.swift */,
				2151A19F25C0CBAF002902F6 /* ViewController.swift */,
				2151A19025C0C9CD002902F6 /* Main.storyboard */,
				2151A19325C0C9D0002902F6 /* Assets.xcassets */,
				2151A19525C0C9D0002902F6 /* LaunchScreen.storyboard */,
				2151A19825C0C9D0002902F6 /* Info.plist */,
			);
			path = "This Means War";
			sourceTree = "<group>";
		};
/* End PBXGroup section */

/* Begin PBXNativeTarget section */
		2151A18625C0C9CD002902F6 /* This Means War */ = {
			isa = PBXNativeTarget;
			buildConfigurationList = 2151A19B25C0C9D0002902F6 /* Build configuration list for PBXNativeTarget "This Means War" */;
			buildPhases = (
				2151A18325C0C9CD002902F6 /* Sources */,
				2151A18425C0C9CD002902F6 /* Frameworks */,
				2151A18525C0C9CD002902F6 /* Resources */,
			);
			buildRules = (
			);
			dependencies = (
			);
			name = "This Means War";
			productName = "This Means War";
			productReference = 2151A18725C0C9CD002902F6 /* This Means War.app */;
			productType = "com.apple.product-type.application";
		};
/* End PBXNativeTarget section */

/* Begin PBXProject section */
		2151A17F25C0C9CD002902F6 /* Project object */ = {
			isa = PBXProject;
			attributes = {
				LastSwiftUpdateCheck = 1230;
				LastUpgradeCheck = 1230;
				TargetAttributes = {
					2151A18625C0C9CD002902F6 = {
						CreatedOnToolsVersion = 12.3;
					};
				};
			};
			buildConfigurationList = 2151A18225C0C9CD002902F6 /* Build configuration list for PBXProject "This Means War" */;
			compatibilityVersion = "Xcode 9.3";
			developmentRegion = en;
			hasScannedForEncodings = 0;
			knownRegions = (
				en,
				Base,
			);
			mainGroup = 2151A17E25C0C9CD002902F6;
			productRefGroup = 2151A18825C0C9CD002902F6 /* Products */;
			projectDirPath = "";
			projectRoot = "";
			targets = (
				2151A18625C0C9CD002902F6 /* This Means War */,
			);
		};
/* End PBXProject section */

/* Begin PBXResourcesBuildPhase section */
		2151A18525C0C9CD002902F6 /* Resources */ = {
			isa = PBXResourcesBuildPhase;
			buildActionMask = 2147483647;
			files = (
				2151A19725C0C9D0002902F6 /* LaunchScreen.storyboard in Resources */,
				2151A19425C0C9D0002902F6 /* Assets.xcassets in Resources */,
				2151A19225C0C9CD002902F6 /* Main.storyboard in Resources */,
			);
			runOnlyForDeploymentPostprocessing = 0;
		};
/* End PBXResourcesBuildPhase section */

/* Begin PBXSourcesBuildPhase section */
		2151A18325C0C9CD002902F6 /* Sources */ = {
			isa = PBXSourcesBuildPhase;
			buildActionMask = 2147483647;
			files = (
				2151A1AE25C0CC70002902F6 /* GameLogic.swift in Sources */,
				2151A18B25C0C9CD002902F6 /* AppDelegate.swift in Sources */,
				2151A1AB25C0CC3F002902F6 /* DeckModel.swift in Sources */,
				2151A1A825C0CC21002902F6 /* CardModel.swift in Sources */,
				2151A1B225C23229002902F6 /* ScoreLogic.swift in Sources */,
				2151A1B625C2375D002902F6 /* PlayerDeckModel.swift in Sources */,
				2151A1A025C0CBAF002902F6 /* ViewController.swift in Sources */,
				2151A18D25C0C9CD002902F6 /* SceneDelegate.swift in Sources */,
			);
			runOnlyForDeploymentPostprocessing = 0;
		};
/* End PBXSourcesBuildPhase section */

/* Begin PBXVariantGroup section */
		2151A19025C0C9CD002902F6 /* Main.storyboard */ = {
			isa = PBXVariantGroup;
			children = (
				2151A19125C0C9CD002902F6 /* Base */,
			);
			name = Main.storyboard;
			sourceTree = "<group>";
		};
		2151A19525C0C9D0002902F6 /* LaunchScreen.storyboard */ = {
			isa = PBXVariantGroup;
			children = (
				2151A19625C0C9D0002902F6 /* Base */,
			);
			name = LaunchScreen.storyboard;
			sourceTree = "<group>";
		};
/* End PBXVariantGroup section */

/* Begin XCBuildConfiguration section */
		2151A19925C0C9D0002902F6 /* Debug */ = {
			isa = XCBuildConfiguration;
			buildSettings = {
				ALWAYS_SEARCH_USER_PATHS = NO;
				CLANG_ANALYZER_NONNULL = YES;
				CLANG_ANALYZER_NUMBER_OBJECT_CONVERSION = YES_AGGRESSIVE;
				CLANG_CXX_LANGUAGE_STANDARD = "gnu++14";
				CLANG_CXX_LIBRARY = "libc++";
				CLANG_ENABLE_MODULES = YES;
				CLANG_ENABLE_OBJC_ARC = YES;
				CLANG_ENABLE_OBJC_WEAK = YES;
				CLANG_WARN_BLOCK_CAPTURE_AUTORELEASING = YES;
				CLANG_WARN_BOOL_CONVERSION = YES;
				CLANG_WARN_COMMA = YES;
				CLANG_WARN_CONSTANT_CONVERSION = YES;
				CLANG_WARN_DEPRECATED_OBJC_IMPLEMENTATIONS = YES;
				CLANG_WARN_DIRECT_OBJC_ISA_USAGE = YES_ERROR;
				CLANG_WARN_DOCUMENTATION_COMMENTS = YES;
				CLANG_WARN_EMPTY_BODY = YES;
				CLANG_WARN_ENUM_CONVERSION = YES;
				CLANG_WARN_INFINITE_RECURSION = YES;
				CLANG_WARN_INT_CONVERSION = YES;
				CLANG_WARN_NON_LITERAL_NULL_CONVERSION = YES;
				CLANG_WARN_OBJC_IMPLICIT_RETAIN_SELF = YES;
				CLANG_WARN_OBJC_LITERAL_CONVERSION = YES;
				CLANG_WARN_OBJC_ROOT_CLASS = YES_ERROR;
				CLANG_WARN_QUOTED_INCLUDE_IN_FRAMEWORK_HEADER = YES;
				CLANG_WARN_RANGE_LOOP_ANALYSIS = YES;
				CLANG_WARN_STRICT_PROTOTYPES = YES;
				CLANG_WARN_SUSPICIOUS_MOVE = YES;
				CLANG_WARN_UNGUARDED_AVAILABILITY = YES_AGGRESSIVE;
				CLANG_WARN_UNREACHABLE_CODE = YES;
				CLANG_WARN__DUPLICATE_METHOD_MATCH = YES;
				COPY_PHASE_STRIP = NO;
				DEBUG_INFORMATION_FORMAT = dwarf;
				ENABLE_STRICT_OBJC_MSGSEND = YES;
				ENABLE_TESTABILITY = YES;
				GCC_C_LANGUAGE_STANDARD = gnu11;
				GCC_DYNAMIC_NO_PIC = NO;
				GCC_NO_COMMON_BLOCKS = YES;
				GCC_OPTIMIZATION_LEVEL = 0;
				GCC_PREPROCESSOR_DEFINITIONS = (
					"DEBUG=1",
					"$(inherited)",
				);
				GCC_WARN_64_TO_32_BIT_CONVERSION = YES;
				GCC_WARN_ABOUT_RETURN_TYPE = YES_ERROR;
				GCC_WARN_UNDECLARED_SELECTOR = YES;
				GCC_WARN_UNINITIALIZED_AUTOS = YES_AGGRESSIVE;
				GCC_WARN_UNUSED_FUNCTION = YES;
				GCC_WARN_UNUSED_VARIABLE = YES;
				IPHONEOS_DEPLOYMENT_TARGET = 14.3;
				MTL_ENABLE_DEBUG_INFO = INCLUDE_SOURCE;
				MTL_FAST_MATH = YES;
				ONLY_ACTIVE_ARCH = YES;
				SDKROOT = iphoneos;
				SWIFT_ACTIVE_COMPILATION_CONDITIONS = DEBUG;
				SWIFT_OPTIMIZATION_LEVEL = "-Onone";
			};
			name = Debug;
		};
		2151A19A25C0C9D0002902F6 /* Release */ = {
			isa = XCBuildConfiguration;
			buildSettings = {
				ALWAYS_SEARCH_USER_PATHS = NO;
				CLANG_ANALYZER_NONNULL = YES;
				CLANG_ANALYZER_NUMBER_OBJECT_CONVERSION = YES_AGGRESSIVE;
				CLANG_CXX_LANGUAGE_STANDARD = "gnu++14";
				CLANG_CXX_LIBRARY = "libc++";
				CLANG_ENABLE_MODULES = YES;
				CLANG_ENABLE_OBJC_ARC = YES;
				CLANG_ENABLE_OBJC_WEAK = YES;
				CLANG_WARN_BLOCK_CAPTURE_AUTORELEASING = YES;
				CLANG_WARN_BOOL_CONVERSION = YES;
				CLANG_WARN_COMMA = YES;
				CLANG_WARN_CONSTANT_CONVERSION = YES;
				CLANG_WARN_DEPRECATED_OBJC_IMPLEMENTATIONS = YES;
				CLANG_WARN_DIRECT_OBJC_ISA_USAGE = YES_ERROR;
				CLANG_WARN_DOCUMENTATION_COMMENTS = YES;
				CLANG_WARN_EMPTY_BODY = YES;
				CLANG_WARN_ENUM_CONVERSION = YES;
				CLANG_WARN_INFINITE_RECURSION = YES;
				CLANG_WARN_INT_CONVERSION = YES;
				CLANG_WARN_NON_LITERAL_NULL_CONVERSION = YES;
				CLANG_WARN_OBJC_IMPLICIT_RETAIN_SELF = YES;
				CLANG_WARN_OBJC_LITERAL_CONVERSION = YES;
				CLANG_WARN_OBJC_ROOT_CLASS = YES_ERROR;
				CLANG_WARN_QUOTED_INCLUDE_IN_FRAMEWORK_HEADER = YES;
				CLANG_WARN_RANGE_LOOP_ANALYSIS = YES;
				CLANG_WARN_STRICT_PROTOTYPES = YES;
				CLANG_WARN_SUSPICIOUS_MOVE = YES;
				CLANG_WARN_UNGUARDED_AVAILABILITY = YES_AGGRESSIVE;
				CLANG_WARN_UNREACHABLE_CODE = YES;
				CLANG_WARN__DUPLICATE_METHOD_MATCH = YES;
				COPY_PHASE_STRIP = NO;
				DEBUG_INFORMATION_FORMAT = "dwarf-with-dsym";
				ENABLE_NS_ASSERTIONS = NO;
				ENABLE_STRICT_OBJC_MSGSEND = YES;
				GCC_C_LANGUAGE_STANDARD = gnu11;
				GCC_NO_COMMON_BLOCKS = YES;
				GCC_WARN_64_TO_32_BIT_CONVERSION = YES;
				GCC_WARN_ABOUT_RETURN_TYPE = YES_ERROR;
				GCC_WARN_UNDECLARED_SELECTOR = YES;
				GCC_WARN_UNINITIALIZED_AUTOS = YES_AGGRESSIVE;
				GCC_WARN_UNUSED_FUNCTION = YES;
				GCC_WARN_UNUSED_VARIABLE = YES;
				IPHONEOS_DEPLOYMENT_TARGET = 14.3;
				MTL_ENABLE_DEBUG_INFO = NO;
				MTL_FAST_MATH = YES;
				SDKROOT = iphoneos;
				SWIFT_COMPILATION_MODE = wholemodule;
				SWIFT_OPTIMIZATION_LEVEL = "-O";
				VALIDATE_PRODUCT = YES;
			};
			name = Release;
		};
		2151A19C25C0C9D0002902F6 /* Debug */ = {
			isa = XCBuildConfiguration;
			buildSettings = {
				ASSETCATALOG_COMPILER_APPICON_NAME = AppIcon;
				ASSETCATALOG_COMPILER_GLOBAL_ACCENT_COLOR_NAME = AccentColor;
				CODE_SIGN_STYLE = Automatic;
				DEVELOPMENT_TEAM = 6SS84QP7NE;
				INFOPLIST_FILE = "This Means War/Info.plist";
				LD_RUNPATH_SEARCH_PATHS = (
					"$(inherited)",
					"@executable_path/Frameworks",
				);
				PRODUCT_BUNDLE_IDENTIFIER = "Danny-B.This-Means-War";
				PRODUCT_NAME = "$(TARGET_NAME)";
				SWIFT_VERSION = 5.0;
				TARGETED_DEVICE_FAMILY = "1,2";
			};
			name = Debug;
		};
		2151A19D25C0C9D0002902F6 /* Release */ = {
			isa = XCBuildConfiguration;
			buildSettings = {
				ASSETCATALOG_COMPILER_APPICON_NAME = AppIcon;
				ASSETCATALOG_COMPILER_GLOBAL_ACCENT_COLOR_NAME = AccentColor;
				CODE_SIGN_STYLE = Automatic;
				DEVELOPMENT_TEAM = 6SS84QP7NE;
				INFOPLIST_FILE = "This Means War/Info.plist";
				LD_RUNPATH_SEARCH_PATHS = (
					"$(inherited)",
					"@executable_path/Frameworks",
				);
				PRODUCT_BUNDLE_IDENTIFIER = "Danny-B.This-Means-War";
				PRODUCT_NAME = "$(TARGET_NAME)";
				SWIFT_VERSION = 5.0;
				TARGETED_DEVICE_FAMILY = "1,2";
			};
			name = Release;
		};
/* End XCBuildConfiguration section */

/* Begin XCConfigurationList section */
		2151A18225C0C9CD002902F6 /* Build configuration list for PBXProject "This Means War" */ = {
			isa = XCConfigurationList;
			buildConfigurations = (
				2151A19925C0C9D0002902F6 /* Debug */,
				2151A19A25C0C9D0002902F6 /* Release */,
			);
			defaultConfigurationIsVisible = 0;
			defaultConfigurationName = Release;
		};
		2151A19B25C0C9D0002902F6 /* Build configuration list for PBXNativeTarget "This Means War" */ = {
			isa = XCConfigurationList;
			buildConfigurations = (
				2151A19C25C0C9D0002902F6 /* Debug */,
				2151A19D25C0C9D0002902F6 /* Release */,
			);
			defaultConfigurationIsVisible = 0;
			defaultConfigurationName = Release;
		};
/* End XCConfigurationList section */
	};
	rootObject = 2151A17F25C0C9CD002902F6 /* Project object */;
}
